
Microsoft Visual Studio Solution File, Format Version 12.00
# Visual Studio Version 16
VisualStudioVersion = 16.0.30128.74
MinimumVisualStudioVersion = 10.0.40219.1
Project("{9A19103F-16F7-4668-BE54-9A1E7A4F7556}") = "GrpcGreeterClient", "GrpcGreeterClient\GrpcGreeterClient.csproj", "{07E946DF-E4A5-4CF1-9C23-9001078EE011}"
EndProject
Project("{9A19103F-16F7-4668-BE54-9A1E7A4F7556}") = "GrpcClasses", "GrpcClasses\GrpcClasses.csproj", "{19BB23C8-A12A-4317-BF4E-4C36305D4604}"
EndProject
Project("{9A19103F-16F7-4668-BE54-9A1E7A4F7556}") = "GrpcGreeterWorkerServiceV2", "GrpcGreeterWorkerServiceV2\GrpcGreeterWorkerServiceV2.csproj", "{0105B708-FEDB-42DB-9811-66AC69D32253}"
EndProject
Project("{FAE04EC0-301F-11D3-BF4B-00C04F79EFBC}") = "GrpcGreeterClientSsl", "GrpcGreeterClientSsl\GrpcGreeterClientSsl.csproj", "{642FC74F-7F5B-40F3-9E99-7902813539FD}"
EndProject
Global
	GlobalSection(SolutionConfigurationPlatforms) = preSolution
		Debug|Any CPU = Debug|Any CPU
		Release|Any CPU = Release|Any CPU
	EndGlobalSection
	GlobalSection(ProjectConfigurationPlatforms) = postSolution
		{07E946DF-E4A5-4CF1-9C23-9001078EE011}.Debug|Any CPU.ActiveCfg = Debug|Any CPU
		{07E946DF-E4A5-4CF1-9C23-9001078EE011}.Debug|Any CPU.Build.0 = Debug|Any CPU
		{07E946DF-E4A5-4CF1-9C23-9001078EE011}.Release|Any CPU.ActiveCfg = Release|Any CPU
		{07E946DF-E4A5-4CF1-9C23-9001078EE011}.Release|Any CPU.Build.0 = Release|Any CPU
		{19BB23C8-A12A-4317-BF4E-4C36305D4604}.Debug|Any CPU.ActiveCfg = Debug|Any CPU
		{19BB23C8-A12A-4317-BF4E-4C36305D4604}.Debug|Any CPU.Build.0 = Debug|Any CPU
		{19BB23C8-A12A-4317-BF4E-4C36305D4604}.Release|Any CPU.ActiveCfg = Release|Any CPU
		{19BB23C8-A12A-4317-BF4E-4C36305D4604}.Release|Any CPU.Build.0 = Release|Any CPU
		{0105B708-FEDB-42DB-9811-66AC69D32253}.Debug|Any CPU.ActiveCfg = Debug|Any CPU
		{0105B708-FEDB-42DB-9811-66AC69D32253}.Debug|Any CPU.Build.0 = Debug|Any CPU
		{0105B708-FEDB-42DB-9811-66AC69D32253}.Release|Any CPU.ActiveCfg = Release|Any CPU
		{0105B708-FEDB-42DB-9811-66AC69D32253}.Release|Any CPU.Build.0 = Release|Any CPU
		{642FC74F-7F5B-40F3-9E99-7902813539FD}.Debug|Any CPU.ActiveCfg = Debug|Any CPU
		{642FC74F-7F5B-40F3-9E99-7902813539FD}.Debug|Any CPU.Build.0 = Debug|Any CPU
		{642FC74F-7F5B-40F3-9E99-7902813539FD}.Release|Any CPU.ActiveCfg = Release|Any CPU
		{642FC74F-7F5B-40F3-9E99-7902813539FD}.Release|Any CPU.Build.0 = Release|Any CPU
	EndGlobalSection
	GlobalSection(SolutionProperties) = preSolution
		HideSolutionNode = FALSE
	EndGlobalSection
	GlobalSection(ExtensibilityGlobals) = postSolution
		SolutionGuid = {CB6CE29C-B09F-496C-B5F4-B3786A726C2D}
	EndGlobalSection
EndGlobal
